
Microsoft Visual Studio Solution File, Format Version 12.00
# Visual Studio Version 17
VisualStudioVersion = 17.8.34525.116
MinimumVisualStudioVersion = 10.0.40219.1
Project("{9A19103F-16F7-4668-BE54-9A1E7A4F7556}") = "WorkWiseApi", "WorkWiseApi\WorkWiseApi.csproj", "{EDC4080C-9EDD-4126-A524-71016DA70BFE}"
EndProject
Project("{9A19103F-16F7-4668-BE54-9A1E7A4F7556}") = "Entities", "Entities\Entities.csproj", "{5A473E77-4FFC-4CE6-BD24-584EDD1ECE47}"
EndProject
Project("{9A19103F-16F7-4668-BE54-9A1E7A4F7556}") = "Contracts", "Contracts\Contracts.csproj", "{BF31C99B-208C-4B83-A608-E678AAAAD461}"
EndProject
Project("{9A19103F-16F7-4668-BE54-9A1E7A4F7556}") = "ExceptionHandler", "ExceptionHandler\ExceptionHandler.csproj", "{E78FFA13-FB39-4DBB-AD8E-DB87A9FD7CA6}"
EndProject
Project("{9A19103F-16F7-4668-BE54-9A1E7A4F7556}") = "LoggerService", "LoggerService\LoggerService.csproj", "{E97C3463-3854-413E-B877-6004893D0D98}"
EndProject
Project("{FAE04EC0-301F-11D3-BF4B-00C04F79EFBC}") = "Services", "Services\Services.csproj", "{76BE7D66-1104-46C6-AFEB-6D3DFCC4D30F}"
EndProject
Project("{FAE04EC0-301F-11D3-BF4B-00C04F79EFBC}") = "Repository", "Repository\Repository.csproj", "{FF4FC246-BE69-43C0-B011-5DDC7AC2B1B1}"
EndProject
Global
	GlobalSection(SolutionConfigurationPlatforms) = preSolution
		Debug|Any CPU = Debug|Any CPU
		Release|Any CPU = Release|Any CPU
	EndGlobalSection
	GlobalSection(ProjectConfigurationPlatforms) = postSolution
		{EDC4080C-9EDD-4126-A524-71016DA70BFE}.Debug|Any CPU.ActiveCfg = Debug|Any CPU
		{EDC4080C-9EDD-4126-A524-71016DA70BFE}.Debug|Any CPU.Build.0 = Debug|Any CPU
		{EDC4080C-9EDD-4126-A524-71016DA70BFE}.Release|Any CPU.ActiveCfg = Release|Any CPU
		{EDC4080C-9EDD-4126-A524-71016DA70BFE}.Release|Any CPU.Build.0 = Release|Any CPU
		{5A473E77-4FFC-4CE6-BD24-584EDD1ECE47}.Debug|Any CPU.ActiveCfg = Debug|Any CPU
		{5A473E77-4FFC-4CE6-BD24-584EDD1ECE47}.Debug|Any CPU.Build.0 = Debug|Any CPU
		{5A473E77-4FFC-4CE6-BD24-584EDD1ECE47}.Release|Any CPU.ActiveCfg = Release|Any CPU
		{5A473E77-4FFC-4CE6-BD24-584EDD1ECE47}.Release|Any CPU.Build.0 = Release|Any CPU
		{BF31C99B-208C-4B83-A608-E678AAAAD461}.Debug|Any CPU.ActiveCfg = Debug|Any CPU
		{BF31C99B-208C-4B83-A608-E678AAAAD461}.Debug|Any CPU.Build.0 = Debug|Any CPU
		{BF31C99B-208C-4B83-A608-E678AAAAD461}.Release|Any CPU.ActiveCfg = Release|Any CPU
		{BF31C99B-208C-4B83-A608-E678AAAAD461}.Release|Any CPU.Build.0 = Release|Any CPU
		{E78FFA13-FB39-4DBB-AD8E-DB87A9FD7CA6}.Debug|Any CPU.ActiveCfg = Debug|Any CPU
		{E78FFA13-FB39-4DBB-AD8E-DB87A9FD7CA6}.Debug|Any CPU.Build.0 = Debug|Any CPU
		{E78FFA13-FB39-4DBB-AD8E-DB87A9FD7CA6}.Release|Any CPU.ActiveCfg = Release|Any CPU
		{E78FFA13-FB39-4DBB-AD8E-DB87A9FD7CA6}.Release|Any CPU.Build.0 = Release|Any CPU
		{E97C3463-3854-413E-B877-6004893D0D98}.Debug|Any CPU.ActiveCfg = Debug|Any CPU
		{E97C3463-3854-413E-B877-6004893D0D98}.Debug|Any CPU.Build.0 = Debug|Any CPU
		{E97C3463-3854-413E-B877-6004893D0D98}.Release|Any CPU.ActiveCfg = Release|Any CPU
		{E97C3463-3854-413E-B877-6004893D0D98}.Release|Any CPU.Build.0 = Release|Any CPU
		{76BE7D66-1104-46C6-AFEB-6D3DFCC4D30F}.Debug|Any CPU.ActiveCfg = Debug|Any CPU
		{76BE7D66-1104-46C6-AFEB-6D3DFCC4D30F}.Debug|Any CPU.Build.0 = Debug|Any CPU
		{76BE7D66-1104-46C6-AFEB-6D3DFCC4D30F}.Release|Any CPU.ActiveCfg = Release|Any CPU
		{76BE7D66-1104-46C6-AFEB-6D3DFCC4D30F}.Release|Any CPU.Build.0 = Release|Any CPU
		{FF4FC246-BE69-43C0-B011-5DDC7AC2B1B1}.Debug|Any CPU.ActiveCfg = Debug|Any CPU
		{FF4FC246-BE69-43C0-B011-5DDC7AC2B1B1}.Debug|Any CPU.Build.0 = Debug|Any CPU
		{FF4FC246-BE69-43C0-B011-5DDC7AC2B1B1}.Release|Any CPU.ActiveCfg = Release|Any CPU
		{FF4FC246-BE69-43C0-B011-5DDC7AC2B1B1}.Release|Any CPU.Build.0 = Release|Any CPU
	EndGlobalSection
	GlobalSection(SolutionProperties) = preSolution
		HideSolutionNode = FALSE
	EndGlobalSection
	GlobalSection(ExtensibilityGlobals) = postSolution
		SolutionGuid = {628F6490-7AC7-41D5-92E5-F9E36CA668A5}
	EndGlobalSection
EndGlobal
